[[package]]
category = "main"
description = "Screen-scraping library"
name = "beautifulsoup4"
optional = false
python-versions = "*"
version = "4.9.3"

[package.dependencies]
[package.dependencies.soupsieve]
python = ">=3.0"
version = ">1.2"

[package.extras]
html5lib = ["html5lib"]
lxml = ["lxml"]

[[package]]
category = "main"
description = "Dummy package for Beautiful Soup"
name = "bs4"
optional = false
python-versions = "*"
version = "0.0.1"

[package.dependencies]
beautifulsoup4 = "*"

[[package]]
category = "main"
description = "Powerful and Pythonic XML processing library combining libxml2/libxslt with the ElementTree API."
name = "lxml"
optional = false
python-versions = ">=2.7, !=3.0.*, !=3.1.*, !=3.2.*, !=3.3.*, != 3.4.*"
version = "4.6.1"

[package.extras]
cssselect = ["cssselect (>=0.7)"]
html5 = ["html5lib"]
htmlsoup = ["beautifulsoup4"]
source = ["Cython (>=0.29.7)"]

[[package]]
category = "main"
description = "A modern CSS selector implementation for Beautiful Soup."
marker = "python_version >= \"3.0\""
name = "soupsieve"
optional = false
python-versions = ">=3.5"
version = "2.0.1"

[metadata]
content-hash = "c84b3e5d57e2835f1cceb3f18b614f171eb3836b3212559430304eb59a0c0cd1"
python-versions = "^3.8"

[metadata.files]
beautifulsoup4 = [
    {file = "beautifulsoup4-4.9.3-py2-none-any.whl", hash = "sha256:4c98143716ef1cb40bf7f39a8e3eec8f8b009509e74904ba3a7b315431577e35"},
    {file = "beautifulsoup4-4.9.3-py3-none-any.whl", hash = "sha256:fff47e031e34ec82bf17e00da8f592fe7de69aeea38be00523c04623c04fb666"},
    {file = "beautifulsoup4-4.9.3.tar.gz", hash = "sha256:84729e322ad1d5b4d25f805bfa05b902dd96450f43842c4e99067d5e1369eb25"},
]
bs4 = [
    {file = "bs4-0.0.1.tar.gz", hash = "sha256:36ecea1fd7cc5c0c6e4a1ff075df26d50da647b75376626cc186e2212886dd3a"},
]
lxml = [
    {file = "lxml-4.6.1-cp27-cp27m-macosx_10_9_x86_64.whl", hash = "sha256:4b7572145054330c8e324a72d808c8c8fbe12be33368db28c39a255ad5f7fb51"},
    {file = "lxml-4.6.1-cp27-cp27m-manylinux1_i686.whl", hash = "sha256:302160eb6e9764168e01d8c9ec6becddeb87776e81d3fcb0d97954dd51d48e0a"},
    {file = "lxml-4.6.1-cp27-cp27m-manylinux1_x86_64.whl", hash = "sha256:d4ad7fd3269281cb471ad6c7bafca372e69789540d16e3755dd717e9e5c9d82f"},
    {file = "lxml-4.6.1-cp27-cp27m-win32.whl", hash = "sha256:189ad47203e846a7a4951c17694d845b6ade7917c47c64b29b86526eefc3adf5"},
    {file = "lxml-4.6.1-cp27-cp27m-win_amd64.whl", hash = "sha256:56eff8c6fb7bc4bcca395fdff494c52712b7a57486e4fbde34c31bb9da4c6cc4"},
    {file = "lxml-4.6.1-cp27-cp27mu-manylinux1_i686.whl", hash = "sha256:23c83112b4dada0b75789d73f949dbb4e8f29a0a3511647024a398ebd023347b"},
    {file = "lxml-4.6.1-cp27-cp27mu-manylinux1_x86_64.whl", hash = "sha256:0e89f5d422988c65e6936e4ec0fe54d6f73f3128c80eb7ecc3b87f595523607b"},
    {file = "lxml-4.6.1-cp35-cp35m-manylinux1_i686.whl", hash = "sha256:2358809cc64394617f2719147a58ae26dac9e21bae772b45cfb80baa26bfca5d"},
    {file = "lxml-4.6.1-cp35-cp35m-manylinux1_x86_64.whl", hash = "sha256:be1ebf9cc25ab5399501c9046a7dcdaa9e911802ed0e12b7d620cd4bbf0518b3"},
    {file = "lxml-4.6.1-cp35-cp35m-manylinux2014_aarch64.whl", hash = "sha256:4fff34721b628cce9eb4538cf9a73d02e0f3da4f35a515773cce6f5fe413b360"},
    {file = "lxml-4.6.1-cp35-cp35m-win32.whl", hash = "sha256:475325e037fdf068e0c2140b818518cf6bc4aa72435c407a798b2db9f8e90810"},
    {file = "lxml-4.6.1-cp35-cp35m-win_amd64.whl", hash = "sha256:f98b6f256be6cec8dd308a8563976ddaff0bdc18b730720f6f4bee927ffe926f"},
    {file = "lxml-4.6.1-cp36-cp36m-macosx_10_9_x86_64.whl", hash = "sha256:be7c65e34d1b50ab7093b90427cbc488260e4b3a38ef2435d65b62e9fa3d798a"},
    {file = "lxml-4.6.1-cp36-cp36m-manylinux1_i686.whl", hash = "sha256:d18331ea905a41ae71596502bd4c9a2998902328bbabd29e3d0f5f8569fabad1"},
    {file = "lxml-4.6.1-cp36-cp36m-manylinux1_x86_64.whl", hash = "sha256:3d9b2b72eb0dbbdb0e276403873ecfae870599c83ba22cadff2db58541e72856"},
    {file = "lxml-4.6.1-cp36-cp36m-manylinux2014_aarch64.whl", hash = "sha256:d20d32cbb31d731def4b1502294ca2ee99f9249b63bc80e03e67e8f8e126dea8"},
    {file = "lxml-4.6.1-cp36-cp36m-win32.whl", hash = "sha256:d182eada8ea0de61a45a526aa0ae4bcd222f9673424e65315c35820291ff299c"},
    {file = "lxml-4.6.1-cp36-cp36m-win_amd64.whl", hash = "sha256:c0dac835c1a22621ffa5e5f999d57359c790c52bbd1c687fe514ae6924f65ef5"},
    {file = "lxml-4.6.1-cp37-cp37m-macosx_10_9_x86_64.whl", hash = "sha256:d84d741c6e35c9f3e7406cb7c4c2e08474c2a6441d59322a00dcae65aac6315d"},
    {file = "lxml-4.6.1-cp37-cp37m-manylinux1_i686.whl", hash = "sha256:8862d1c2c020cb7a03b421a9a7b4fe046a208db30994fc8ff68c627a7915987f"},
    {file = "lxml-4.6.1-cp37-cp37m-manylinux1_x86_64.whl", hash = "sha256:3a7a380bfecc551cfd67d6e8ad9faa91289173bdf12e9cfafbd2bdec0d7b1ec1"},
    {file = "lxml-4.6.1-cp37-cp37m-manylinux2014_aarch64.whl", hash = "sha256:2d6571c48328be4304aee031d2d5046cbc8aed5740c654575613c5a4f5a11311"},
    {file = "lxml-4.6.1-cp37-cp37m-win32.whl", hash = "sha256:803a80d72d1f693aa448566be46ffd70882d1ad8fc689a2e22afe63035eb998a"},
    {file = "lxml-4.6.1-cp37-cp37m-win_amd64.whl", hash = "sha256:24e811118aab6abe3ce23ff0d7d38932329c513f9cef849d3ee88b0f848f2aa9"},
    {file = "lxml-4.6.1-cp38-cp38-macosx_10_9_x86_64.whl", hash = "sha256:2e311a10f3e85250910a615fe194839a04a0f6bc4e8e5bb5cac221344e3a7891"},
    {file = "lxml-4.6.1-cp38-cp38-manylinux1_i686.whl", hash = "sha256:a71400b90b3599eb7bf241f947932e18a066907bf84617d80817998cee81e4bf"},
    {file = "lxml-4.6.1-cp38-cp38-manylinux1_x86_64.whl", hash = "sha256:211b3bcf5da70c2d4b84d09232534ad1d78320762e2c59dedc73bf01cb1fc45b"},
    {file = "lxml-4.6.1-cp38-cp38-manylinux2014_aarch64.whl", hash = "sha256:e65c221b2115a91035b55a593b6eb94aa1206fa3ab374f47c6dc10d364583ff9"},
    {file = "lxml-4.6.1-cp38-cp38-win32.whl", hash = "sha256:d6f8c23f65a4bfe4300b85f1f40f6c32569822d08901db3b6454ab785d9117cc"},
    {file = "lxml-4.6.1-cp38-cp38-win_amd64.whl", hash = "sha256:573b2f5496c7e9f4985de70b9bbb4719ffd293d5565513e04ac20e42e6e5583f"},
    {file = "lxml-4.6.1-cp39-cp39-manylinux1_i686.whl", hash = "sha256:1d87936cb5801c557f3e981c9c193861264c01209cb3ad0964a16310ca1b3301"},
    {file = "lxml-4.6.1-cp39-cp39-manylinux1_x86_64.whl", hash = "sha256:2d5896ddf5389560257bbe89317ca7bcb4e54a02b53a3e572e1ce4226512b51b"},
    {file = "lxml-4.6.1-cp39-cp39-manylinux2014_aarch64.whl", hash = "sha256:9b06690224258db5cd39a84e993882a6874676f5de582da57f3df3a82ead9174"},
    {file = "lxml-4.6.1-cp39-cp39-win32.whl", hash = "sha256:bb252f802f91f59767dcc559744e91efa9df532240a502befd874b54571417bd"},
    {file = "lxml-4.6.1-cp39-cp39-win_amd64.whl", hash = "sha256:7ecaef52fd9b9535ae5f01a1dd2651f6608e4ec9dc136fc4dfe7ebe3c3ddb230"},
    {file = "lxml-4.6.1.tar.gz", hash = "sha256:c152b2e93b639d1f36ec5a8ca24cde4a8eefb2b6b83668fcd8e83a67badcb367"},
]
soupsieve = [
    {file = "soupsieve-2.0.1-py3-none-any.whl", hash = "sha256:1634eea42ab371d3d346309b93df7870a88610f0725d47528be902a0d95ecc55"},
    {file = "soupsieve-2.0.1.tar.gz", hash = "sha256:a59dc181727e95d25f781f0eb4fd1825ff45590ec8ff49eadfd7f1a537cc0232"},
]
